
Microsoft Visual Studio Solution File, Format Version 12.00
# Visual Studio Version 17
VisualStudioVersion = 17.6.33712.159
MinimumVisualStudioVersion = 10.0.40219.1
Project("{FAE04EC0-301F-11D3-BF4B-00C04F79EFBC}") = "Count Down Timer", "Count Down Timer\Count Down Timer.csproj", "{8D7A7263-E7E4-4D46-8F85-1EDF323EA626}"
EndProject
Global
	GlobalSection(SolutionConfigurationPlatforms) = preSolution
		Debug|Any CPU = Debug|Any CPU
		Release|Any CPU = Release|Any CPU
	EndGlobalSection
	GlobalSection(ProjectConfigurationPlatforms) = postSolution
		{8D7A7263-E7E4-4D46-8F85-1EDF323EA626}.Debug|Any CPU.ActiveCfg = Debug|Any CPU
		{8D7A7263-E7E4-4D46-8F85-1EDF323EA626}.Debug|Any CPU.Build.0 = Debug|Any CPU
		{8D7A7263-E7E4-4D46-8F85-1EDF323EA626}.Release|Any CPU.ActiveCfg = Release|Any CPU
		{8D7A7263-E7E4-4D46-8F85-1EDF323EA626}.Release|Any CPU.Build.0 = Release|Any CPU
	EndGlobalSection
	GlobalSection(SolutionProperties) = preSolution
		HideSolutionNode = FALSE
	EndGlobalSection
	GlobalSection(ExtensibilityGlobals) = postSolution
		SolutionGuid = {69B8FFA2-460F-40D4-A485-135631235C9B}
	EndGlobalSection
EndGlobal
